// !$*UTF8*$!
{
	archiveVersion = 1;
	classes = {
	};
	objectVersion = 56;
	objects = {

/* Begin PBXBuildFile section */
		7EEB001629E6889F00221942 /* WordBankApp.swift in Sources */ = {isa = PBXBuildFile; fileRef = 7EEB001529E6889F00221942 /* WordBankApp.swift */; };
		7EEB001829E6889F00221942 /* ContentView.swift in Sources */ = {isa = PBXBuildFile; fileRef = 7EEB001729E6889F00221942 /* ContentView.swift */; };
		7EEB001A29E688A100221942 /* Assets.xcassets in Resources */ = {isa = PBXBuildFile; fileRef = 7EEB001929E688A100221942 /* Assets.xcassets */; };
		7EEB001E29E688A100221942 /* Preview Assets.xcassets in Resources */ = {isa = PBXBuildFile; fileRef = 7EEB001D29E688A100221942 /* Preview Assets.xcassets */; };
		7EEB002629E6890E00221942 /* Model.xcdatamodeld in Sources */ = {isa = PBXBuildFile; fileRef = 7EEB002429E6890E00221942 /* Model.xcdatamodeld */; };
		7EEB002B29E6962400221942 /* Word+CoreDataClass.swift in Sources */ = {isa = PBXBuildFile; fileRef = 7EEB002729E6962400221942 /* Word+CoreDataClass.swift */; };
		7EEB002D29E6962400221942 /* Book+CoreDataClass.swift in Sources */ = {isa = PBXBuildFile; fileRef = 7EEB002929E6962400221942 /* Book+CoreDataClass.swift */; };
		7EEB003629E69E1900221942 /* Storage.swift in Sources */ = {isa = PBXBuildFile; fileRef = 7EEB003529E69E1900221942 /* Storage.swift */; };
		7EEB004129E6A55600221942 /* WordBookList.swift in Sources */ = {isa = PBXBuildFile; fileRef = 7EEB004029E6A55600221942 /* WordBookList.swift */; };
		7EEB004329E6A6D300221942 /* WordBookForm.swift in Sources */ = {isa = PBXBuildFile; fileRef = 7EEB004229E6A6D300221942 /* WordBookForm.swift */; };
		7EEB004629E6B1F000221942 /* Date+Extension.swift in Sources */ = {isa = PBXBuildFile; fileRef = 7EEB004529E6B1F000221942 /* Date+Extension.swift */; };
		7EEB004829E6B88200221942 /* WordList.swift in Sources */ = {isa = PBXBuildFile; fileRef = 7EEB004729E6B88200221942 /* WordList.swift */; };
/* End PBXBuildFile section */

/* Begin PBXFileReference section */
		7EEB001229E6889F00221942 /* WordBank.app */ = {isa = PBXFileReference; explicitFileType = wrapper.application; includeInIndex = 0; path = WordBank.app; sourceTree = BUILT_PRODUCTS_DIR; };
		7EEB001529E6889F00221942 /* WordBankApp.swift */ = {isa = PBXFileReference; lastKnownFileType = sourcecode.swift; path = WordBankApp.swift; sourceTree = "<group>"; };
		7EEB001729E6889F00221942 /* ContentView.swift */ = {isa = PBXFileReference; lastKnownFileType = sourcecode.swift; path = ContentView.swift; sourceTree = "<group>"; };
		7EEB001929E688A100221942 /* Assets.xcassets */ = {isa = PBXFileReference; lastKnownFileType = folder.assetcatalog; path = Assets.xcassets; sourceTree = "<group>"; };
		7EEB001B29E688A100221942 /* WordBank.entitlements */ = {isa = PBXFileReference; lastKnownFileType = text.plist.entitlements; path = WordBank.entitlements; sourceTree = "<group>"; };
		7EEB001D29E688A100221942 /* Preview Assets.xcassets */ = {isa = PBXFileReference; lastKnownFileType = folder.assetcatalog; path = "Preview Assets.xcassets"; sourceTree = "<group>"; };
		7EEB002529E6890E00221942 /* Model.xcdatamodel */ = {isa = PBXFileReference; lastKnownFileType = wrapper.xcdatamodel; path = Model.xcdatamodel; sourceTree = "<group>"; };
		7EEB002729E6962400221942 /* Word+CoreDataClass.swift */ = {isa = PBXFileReference; lastKnownFileType = sourcecode.swift; path = "Word+CoreDataClass.swift"; sourceTree = "<group>"; };
		7EEB002929E6962400221942 /* Book+CoreDataClass.swift */ = {isa = PBXFileReference; lastKnownFileType = sourcecode.swift; path = "Book+CoreDataClass.swift"; sourceTree = "<group>"; };
		7EEB003329E69A7500221942 /* README.md */ = {isa = PBXFileReference; lastKnownFileType = net.daringfireball.markdown; path = README.md; sourceTree = "<group>"; };
		7EEB003529E69E1900221942 /* Storage.swift */ = {isa = PBXFileReference; lastKnownFileType = sourcecode.swift; path = Storage.swift; sourceTree = "<group>"; };
		7EEB004029E6A55600221942 /* WordBookList.swift */ = {isa = PBXFileReference; lastKnownFileType = sourcecode.swift; path = WordBookList.swift; sourceTree = "<group>"; };
		7EEB004229E6A6D300221942 /* WordBookForm.swift */ = {isa = PBXFileReference; lastKnownFileType = sourcecode.swift; path = WordBookForm.swift; sourceTree = "<group>"; };
		7EEB004529E6B1F000221942 /* Date+Extension.swift */ = {isa = PBXFileReference; lastKnownFileType = sourcecode.swift; path = "Date+Extension.swift"; sourceTree = "<group>"; };
		7EEB004729E6B88200221942 /* WordList.swift */ = {isa = PBXFileReference; lastKnownFileType = sourcecode.swift; path = WordList.swift; sourceTree = "<group>"; };
/* End PBXFileReference section */

/* Begin PBXFrameworksBuildPhase section */
		7EEB000F29E6889F00221942 /* Frameworks */ = {
			isa = PBXFrameworksBuildPhase;
			buildActionMask = 2147483647;
			files = (
			);
			runOnlyForDeploymentPostprocessing = 0;
		};
/* End PBXFrameworksBuildPhase section */

/* Begin PBXGroup section */
		7EEB000929E6889F00221942 = {
			isa = PBXGroup;
			children = (
				7EEB003329E69A7500221942 /* README.md */,
				7EEB001429E6889F00221942 /* WordBank */,
				7EEB001329E6889F00221942 /* Products */,
			);
			sourceTree = "<group>";
		};
		7EEB001329E6889F00221942 /* Products */ = {
			isa = PBXGroup;
			children = (
				7EEB001229E6889F00221942 /* WordBank.app */,
			);
			name = Products;
			sourceTree = "<group>";
		};
		7EEB001429E6889F00221942 /* WordBank */ = {
			isa = PBXGroup;
			children = (
				7EEB004429E6B1CC00221942 /* Tool */,
				7EEB003429E69DD100221942 /* Model */,
				7EEB003F29E6A50B00221942 /* View */,
				7EEB001529E6889F00221942 /* WordBankApp.swift */,
				7EEB001929E688A100221942 /* Assets.xcassets */,
				7EEB002429E6890E00221942 /* Model.xcdatamodeld */,
				7EEB001B29E688A100221942 /* WordBank.entitlements */,
				7EEB001C29E688A100221942 /* Preview Content */,
			);
			path = WordBank;
			sourceTree = "<group>";
		};
		7EEB001C29E688A100221942 /* Preview Content */ = {
			isa = PBXGroup;
			children = (
				7EEB001D29E688A100221942 /* Preview Assets.xcassets */,
			);
			path = "Preview Content";
			sourceTree = "<group>";
		};
		7EEB003429E69DD100221942 /* Model */ = {
			isa = PBXGroup;
			children = (
				7EEB002729E6962400221942 /* Word+CoreDataClass.swift */,
				7EEB002929E6962400221942 /* Book+CoreDataClass.swift */,
				7EEB003529E69E1900221942 /* Storage.swift */,
			);
			path = Model;
			sourceTree = "<group>";
		};
		7EEB003F29E6A50B00221942 /* View */ = {
			isa = PBXGroup;
			children = (
				7EEB001729E6889F00221942 /* ContentView.swift */,
				7EEB004029E6A55600221942 /* WordBookList.swift */,
				7EEB004229E6A6D300221942 /* WordBookForm.swift */,
				7EEB004729E6B88200221942 /* WordList.swift */,
			);
			path = View;
			sourceTree = "<group>";
		};
		7EEB004429E6B1CC00221942 /* Tool */ = {
			isa = PBXGroup;
			children = (
				7EEB004529E6B1F000221942 /* Date+Extension.swift */,
			);
			path = Tool;
			sourceTree = "<group>";
		};
/* End PBXGroup section */

/* Begin PBXNativeTarget section */
		7EEB001129E6889F00221942 /* WordBank */ = {
			isa = PBXNativeTarget;
			buildConfigurationList = 7EEB002129E688A100221942 /* Build configuration list for PBXNativeTarget "WordBank" */;
			buildPhases = (
				7EEB000E29E6889F00221942 /* Sources */,
				7EEB000F29E6889F00221942 /* Frameworks */,
				7EEB001029E6889F00221942 /* Resources */,
			);
			buildRules = (
			);
			dependencies = (
			);
			name = WordBank;
			productName = WordBank;
			productReference = 7EEB001229E6889F00221942 /* WordBank.app */;
			productType = "com.apple.product-type.application";
		};
/* End PBXNativeTarget section */

/* Begin PBXProject section */
		7EEB000A29E6889F00221942 /* Project object */ = {
			isa = PBXProject;
			attributes = {
				BuildIndependentTargetsInParallel = 1;
				LastSwiftUpdateCheck = 1430;
				LastUpgradeCheck = 1430;
				TargetAttributes = {
					7EEB001129E6889F00221942 = {
						CreatedOnToolsVersion = 14.3;
					};
				};
			};
			buildConfigurationList = 7EEB000D29E6889F00221942 /* Build configuration list for PBXProject "WordBank" */;
			compatibilityVersion = "Xcode 14.0";
			developmentRegion = en;
			hasScannedForEncodings = 0;
			knownRegions = (
				en,
				Base,
			);
			mainGroup = 7EEB000929E6889F00221942;
			productRefGroup = 7EEB001329E6889F00221942 /* Products */;
			projectDirPath = "";
			projectRoot = "";
			targets = (
				7EEB001129E6889F00221942 /* WordBank */,
			);
		};
/* End PBXProject section */

/* Begin PBXResourcesBuildPhase section */
		7EEB001029E6889F00221942 /* Resources */ = {
			isa = PBXResourcesBuildPhase;
			buildActionMask = 2147483647;
			files = (
				7EEB001E29E688A100221942 /* Preview Assets.xcassets in Resources */,
				7EEB001A29E688A100221942 /* Assets.xcassets in Resources */,
			);
			runOnlyForDeploymentPostprocessing = 0;
		};
/* End PBXResourcesBuildPhase section */

/* Begin PBXSourcesBuildPhase section */
		7EEB000E29E6889F00221942 /* Sources */ = {
			isa = PBXSourcesBuildPhase;
			buildActionMask = 2147483647;
			files = (
				7EEB004329E6A6D300221942 /* WordBookForm.swift in Sources */,
				7EEB001829E6889F00221942 /* ContentView.swift in Sources */,
				7EEB001629E6889F00221942 /* WordBankApp.swift in Sources */,
				7EEB004129E6A55600221942 /* WordBookList.swift in Sources */,
				7EEB002629E6890E00221942 /* Model.xcdatamodeld in Sources */,
				7EEB002D29E6962400221942 /* Book+CoreDataClass.swift in Sources */,
				7EEB002B29E6962400221942 /* Word+CoreDataClass.swift in Sources */,
				7EEB003629E69E1900221942 /* Storage.swift in Sources */,
				7EEB004629E6B1F000221942 /* Date+Extension.swift in Sources */,
				7EEB004829E6B88200221942 /* WordList.swift in Sources */,
			);
			runOnlyForDeploymentPostprocessing = 0;
		};
/* End PBXSourcesBuildPhase section */

/* Begin XCBuildConfiguration section */
		7EEB001F29E688A100221942 /* Debug */ = {
			isa = XCBuildConfiguration;
			buildSettings = {
				ALWAYS_SEARCH_USER_PATHS = NO;
				CLANG_ANALYZER_NONNULL = YES;
				CLANG_ANALYZER_NUMBER_OBJECT_CONVERSION = YES_AGGRESSIVE;
				CLANG_CXX_LANGUAGE_STANDARD = "gnu++20";
				CLANG_ENABLE_MODULES = YES;
				CLANG_ENABLE_OBJC_ARC = YES;
				CLANG_ENABLE_OBJC_WEAK = YES;
				CLANG_WARN_BLOCK_CAPTURE_AUTORELEASING = YES;
				CLANG_WARN_BOOL_CONVERSION = YES;
				CLANG_WARN_COMMA = YES;
				CLANG_WARN_CONSTANT_CONVERSION = YES;
				CLANG_WARN_DEPRECATED_OBJC_IMPLEMENTATIONS = YES;
				CLANG_WARN_DIRECT_OBJC_ISA_USAGE = YES_ERROR;
				CLANG_WARN_DOCUMENTATION_COMMENTS = YES;
				CLANG_WARN_EMPTY_BODY = YES;
				CLANG_WARN_ENUM_CONVERSION = YES;
				CLANG_WARN_INFINITE_RECURSION = YES;
				CLANG_WARN_INT_CONVERSION = YES;
				CLANG_WARN_NON_LITERAL_NULL_CONVERSION = YES;
				CLANG_WARN_OBJC_IMPLICIT_RETAIN_SELF = YES;
				CLANG_WARN_OBJC_LITERAL_CONVERSION = YES;
				CLANG_WARN_OBJC_ROOT_CLASS = YES_ERROR;
				CLANG_WARN_QUOTED_INCLUDE_IN_FRAMEWORK_HEADER = YES;
				CLANG_WARN_RANGE_LOOP_ANALYSIS = YES;
				CLANG_WARN_STRICT_PROTOTYPES = YES;
				CLANG_WARN_SUSPICIOUS_MOVE = YES;
				CLANG_WARN_UNGUARDED_AVAILABILITY = YES_AGGRESSIVE;
				CLANG_WARN_UNREACHABLE_CODE = YES;
				CLANG_WARN__DUPLICATE_METHOD_MATCH = YES;
				COPY_PHASE_STRIP = NO;
				DEBUG_INFORMATION_FORMAT = dwarf;
				ENABLE_STRICT_OBJC_MSGSEND = YES;
				ENABLE_TESTABILITY = YES;
				GCC_C_LANGUAGE_STANDARD = gnu11;
				GCC_DYNAMIC_NO_PIC = NO;
				GCC_NO_COMMON_BLOCKS = YES;
				GCC_OPTIMIZATION_LEVEL = 0;
				GCC_PREPROCESSOR_DEFINITIONS = (
					"DEBUG=1",
					"$(inherited)",
				);
				GCC_WARN_64_TO_32_BIT_CONVERSION = YES;
				GCC_WARN_ABOUT_RETURN_TYPE = YES_ERROR;
				GCC_WARN_UNDECLARED_SELECTOR = YES;
				GCC_WARN_UNINITIALIZED_AUTOS = YES_AGGRESSIVE;
				GCC_WARN_UNUSED_FUNCTION = YES;
				GCC_WARN_UNUSED_VARIABLE = YES;
				MTL_ENABLE_DEBUG_INFO = INCLUDE_SOURCE;
				MTL_FAST_MATH = YES;
				ONLY_ACTIVE_ARCH = YES;
				SWIFT_ACTIVE_COMPILATION_CONDITIONS = DEBUG;
				SWIFT_OPTIMIZATION_LEVEL = "-Onone";
			};
			name = Debug;
		};
		7EEB002029E688A100221942 /* Release */ = {
			isa = XCBuildConfiguration;
			buildSettings = {
				ALWAYS_SEARCH_USER_PATHS = NO;
				CLANG_ANALYZER_NONNULL = YES;
				CLANG_ANALYZER_NUMBER_OBJECT_CONVERSION = YES_AGGRESSIVE;
				CLANG_CXX_LANGUAGE_STANDARD = "gnu++20";
				CLANG_ENABLE_MODULES = YES;
				CLANG_ENABLE_OBJC_ARC = YES;
				CLANG_ENABLE_OBJC_WEAK = YES;
				CLANG_WARN_BLOCK_CAPTURE_AUTORELEASING = YES;
				CLANG_WARN_BOOL_CONVERSION = YES;
				CLANG_WARN_COMMA = YES;
				CLANG_WARN_CONSTANT_CONVERSION = YES;
				CLANG_WARN_DEPRECATED_OBJC_IMPLEMENTATIONS = YES;
				CLANG_WARN_DIRECT_OBJC_ISA_USAGE = YES_ERROR;
				CLANG_WARN_DOCUMENTATION_COMMENTS = YES;
				CLANG_WARN_EMPTY_BODY = YES;
				CLANG_WARN_ENUM_CONVERSION = YES;
				CLANG_WARN_INFINITE_RECURSION = YES;
				CLANG_WARN_INT_CONVERSION = YES;
				CLANG_WARN_NON_LITERAL_NULL_CONVERSION = YES;
				CLANG_WARN_OBJC_IMPLICIT_RETAIN_SELF = YES;
				CLANG_WARN_OBJC_LITERAL_CONVERSION = YES;
				CLANG_WARN_OBJC_ROOT_CLASS = YES_ERROR;
				CLANG_WARN_QUOTED_INCLUDE_IN_FRAMEWORK_HEADER = YES;
				CLANG_WARN_RANGE_LOOP_ANALYSIS = YES;
				CLANG_WARN_STRICT_PROTOTYPES = YES;
				CLANG_WARN_SUSPICIOUS_MOVE = YES;
				CLANG_WARN_UNGUARDED_AVAILABILITY = YES_AGGRESSIVE;
				CLANG_WARN_UNREACHABLE_CODE = YES;
				CLANG_WARN__DUPLICATE_METHOD_MATCH = YES;
				COPY_PHASE_STRIP = NO;
				DEBUG_INFORMATION_FORMAT = "dwarf-with-dsym";
				ENABLE_NS_ASSERTIONS = NO;
				ENABLE_STRICT_OBJC_MSGSEND = YES;
				GCC_C_LANGUAGE_STANDARD = gnu11;
				GCC_NO_COMMON_BLOCKS = YES;
				GCC_WARN_64_TO_32_BIT_CONVERSION = YES;
				GCC_WARN_ABOUT_RETURN_TYPE = YES_ERROR;
				GCC_WARN_UNDECLARED_SELECTOR = YES;
				GCC_WARN_UNINITIALIZED_AUTOS = YES_AGGRESSIVE;
				GCC_WARN_UNUSED_FUNCTION = YES;
				GCC_WARN_UNUSED_VARIABLE = YES;
				MTL_ENABLE_DEBUG_INFO = NO;
				MTL_FAST_MATH = YES;
				SWIFT_COMPILATION_MODE = wholemodule;
				SWIFT_OPTIMIZATION_LEVEL = "-O";
			};
			name = Release;
		};
		7EEB002229E688A100221942 /* Debug */ = {
			isa = XCBuildConfiguration;
			buildSettings = {
				ASSETCATALOG_COMPILER_APPICON_NAME = AppIcon;
				ASSETCATALOG_COMPILER_GLOBAL_ACCENT_COLOR_NAME = AccentColor;
				CODE_SIGN_ENTITLEMENTS = WordBank/WordBank.entitlements;
				CODE_SIGN_STYLE = Automatic;
				CURRENT_PROJECT_VERSION = 1;
				DEVELOPMENT_ASSET_PATHS = "\"WordBank/Preview Content\"";
				DEVELOPMENT_TEAM = UGSV2864FU;
				ENABLE_HARDENED_RUNTIME = YES;
				ENABLE_PREVIEWS = YES;
				GENERATE_INFOPLIST_FILE = YES;
				"INFOPLIST_KEY_UIApplicationSceneManifest_Generation[sdk=iphoneos*]" = YES;
				"INFOPLIST_KEY_UIApplicationSceneManifest_Generation[sdk=iphonesimulator*]" = YES;
				"INFOPLIST_KEY_UIApplicationSupportsIndirectInputEvents[sdk=iphoneos*]" = YES;
				"INFOPLIST_KEY_UIApplicationSupportsIndirectInputEvents[sdk=iphonesimulator*]" = YES;
				"INFOPLIST_KEY_UILaunchScreen_Generation[sdk=iphoneos*]" = YES;
				"INFOPLIST_KEY_UILaunchScreen_Generation[sdk=iphonesimulator*]" = YES;
				"INFOPLIST_KEY_UIStatusBarStyle[sdk=iphoneos*]" = UIStatusBarStyleDefault;
				"INFOPLIST_KEY_UIStatusBarStyle[sdk=iphonesimulator*]" = UIStatusBarStyleDefault;
				INFOPLIST_KEY_UISupportedInterfaceOrientations_iPad = "UIInterfaceOrientationPortrait UIInterfaceOrientationPortraitUpsideDown UIInterfaceOrientationLandscapeLeft UIInterfaceOrientationLandscapeRight";
				INFOPLIST_KEY_UISupportedInterfaceOrientations_iPhone = "UIInterfaceOrientationPortrait UIInterfaceOrientationLandscapeLeft UIInterfaceOrientationLandscapeRight";
				IPHONEOS_DEPLOYMENT_TARGET = 16.4;
				LD_RUNPATH_SEARCH_PATHS = "@executable_path/Frameworks";
				"LD_RUNPATH_SEARCH_PATHS[sdk=macosx*]" = "@executable_path/../Frameworks";
				MACOSX_DEPLOYMENT_TARGET = 13.2;
				MARKETING_VERSION = 1.0;
				PRODUCT_BUNDLE_IDENTIFIER = cn.talaxy.WordBank;
				PRODUCT_NAME = "$(TARGET_NAME)";
				SDKROOT = auto;
				SUPPORTED_PLATFORMS = "iphoneos iphonesimulator";
				SUPPORTS_MACCATALYST = NO;
				SUPPORTS_MAC_DESIGNED_FOR_IPHONE_IPAD = NO;
				SWIFT_EMIT_LOC_STRINGS = YES;
				SWIFT_VERSION = 5.0;
				TARGETED_DEVICE_FAMILY = "1,2";
			};
			name = Debug;
		};
		7EEB002329E688A100221942 /* Release */ = {
			isa = XCBuildConfiguration;
			buildSettings = {
				ASSETCATALOG_COMPILER_APPICON_NAME = AppIcon;
				ASSETCATALOG_COMPILER_GLOBAL_ACCENT_COLOR_NAME = AccentColor;
				CODE_SIGN_ENTITLEMENTS = WordBank/WordBank.entitlements;
				CODE_SIGN_STYLE = Automatic;
				CURRENT_PROJECT_VERSION = 1;
				DEVELOPMENT_ASSET_PATHS = "\"WordBank/Preview Content\"";
				DEVELOPMENT_TEAM = UGSV2864FU;
				ENABLE_HARDENED_RUNTIME = YES;
				ENABLE_PREVIEWS = YES;
				GENERATE_INFOPLIST_FILE = YES;
				"INFOPLIST_KEY_UIApplicationSceneManifest_Generation[sdk=iphoneos*]" = YES;
				"INFOPLIST_KEY_UIApplicationSceneManifest_Generation[sdk=iphonesimulator*]" = YES;
				"INFOPLIST_KEY_UIApplicationSupportsIndirectInputEvents[sdk=iphoneos*]" = YES;
				"INFOPLIST_KEY_UIApplicationSupportsIndirectInputEvents[sdk=iphonesimulator*]" = YES;
				"INFOPLIST_KEY_UILaunchScreen_Generation[sdk=iphoneos*]" = YES;
				"INFOPLIST_KEY_UILaunchScreen_Generation[sdk=iphonesimulator*]" = YES;
				"INFOPLIST_KEY_UIStatusBarStyle[sdk=iphoneos*]" = UIStatusBarStyleDefault;
				"INFOPLIST_KEY_UIStatusBarStyle[sdk=iphonesimulator*]" = UIStatusBarStyleDefault;
				INFOPLIST_KEY_UISupportedInterfaceOrientations_iPad = "UIInterfaceOrientationPortrait UIInterfaceOrientationPortraitUpsideDown UIInterfaceOrientationLandscapeLeft UIInterfaceOrientationLandscapeRight";
				INFOPLIST_KEY_UISupportedInterfaceOrientations_iPhone = "UIInterfaceOrientationPortrait UIInterfaceOrientationLandscapeLeft UIInterfaceOrientationLandscapeRight";
				IPHONEOS_DEPLOYMENT_TARGET = 16.4;
				LD_RUNPATH_SEARCH_PATHS = "@executable_path/Frameworks";
				"LD_RUNPATH_SEARCH_PATHS[sdk=macosx*]" = "@executable_path/../Frameworks";
				MACOSX_DEPLOYMENT_TARGET = 13.2;
				MARKETING_VERSION = 1.0;
				PRODUCT_BUNDLE_IDENTIFIER = cn.talaxy.WordBank;
				PRODUCT_NAME = "$(TARGET_NAME)";
				SDKROOT = auto;
				SUPPORTED_PLATFORMS = "iphoneos iphonesimulator";
				SUPPORTS_MACCATALYST = NO;
				SUPPORTS_MAC_DESIGNED_FOR_IPHONE_IPAD = NO;
				SWIFT_EMIT_LOC_STRINGS = YES;
				SWIFT_VERSION = 5.0;
				TARGETED_DEVICE_FAMILY = "1,2";
			};
			name = Release;
		};
/* End XCBuildConfiguration section */

/* Begin XCConfigurationList section */
		7EEB000D29E6889F00221942 /* Build configuration list for PBXProject "WordBank" */ = {
			isa = XCConfigurationList;
			buildConfigurations = (
				7EEB001F29E688A100221942 /* Debug */,
				7EEB002029E688A100221942 /* Release */,
			);
			defaultConfigurationIsVisible = 0;
			defaultConfigurationName = Release;
		};
		7EEB002129E688A100221942 /* Build configuration list for PBXNativeTarget "WordBank" */ = {
			isa = XCConfigurationList;
			buildConfigurations = (
				7EEB002229E688A100221942 /* Debug */,
				7EEB002329E688A100221942 /* Release */,
			);
			defaultConfigurationIsVisible = 0;
			defaultConfigurationName = Release;
		};
/* End XCConfigurationList section */

/* Begin XCVersionGroup section */
		7EEB002429E6890E00221942 /* Model.xcdatamodeld */ = {
			isa = XCVersionGroup;
			children = (
				7EEB002529E6890E00221942 /* Model.xcdatamodel */,
			);
			currentVersion = 7EEB002529E6890E00221942 /* Model.xcdatamodel */;
			path = Model.xcdatamodeld;
			sourceTree = "<group>";
			versionGroupType = wrapper.xcdatamodel;
		};
/* End XCVersionGroup section */
	};
	rootObject = 7EEB000A29E6889F00221942 /* Project object */;
}
